schema: '2.0'
stages:
  preprocess:
    cmd: python -m training.src.preprocessing
    deps:
    - path: data/raw/customer_churn.csv
      hash: md5
      md5: 66c606ccc76063944750ff0a71178ee9
      size: 977503
    - path: params.yaml
      hash: md5
      md5: d46644e73771dd7c464efdc3666db832
      size: 189
    - path: training/src/preprocessing.py
      hash: md5
      md5: f45eecbc655f26a0620fc93e541f71bf
      size: 3471
    outs:
    - path: data/processed/data.pkl
      hash: md5
      md5: e804c91467c491624d53427365596386
      size: 2762180
    - path: models/preprocessor.pkl
      hash: md5
      md5: aa37b885e124522dba164be7377f9ab5
      size: 7876
  train:
    cmd: python -m training.src.train
    deps:
    - path: data/processed/data.pkl
      hash: md5
      md5: e804c91467c491624d53427365596386
      size: 2762180
    - path: params.yaml
      hash: md5
      md5: d46644e73771dd7c464efdc3666db832
      size: 189
    - path: training/src/train.py
      hash: md5
      md5: c9e7edd9a22b227296aaa1963b304982
      size: 2239
    outs:
    - path: models/model.pkl
      hash: md5
      md5: bf5c38591dd6e216f50b2353e5694265
      size: 583822
  drift_detection:
    cmd: python -m monitoring.drift
    deps:
    - path: monitoring/drift.py
      hash: md5
      md5: 208c6d7375c12319eebc85c667328c6f
      size: 4939
    outs:
    - path: monitoring/reports/drift_report.html
      hash: md5
      md5: bdcafb81f62a1083b3f07c7f4675eb30
      size: 4045152
    - path: monitoring/reports/drift_result.json
      hash: md5
      md5: f0e63d0d4be9d33c09849fb4748ce182
      size: 2983
