schema: '2.0'
stages:
  preprocess:
    cmd: python -m training.src.preprocessing
    deps:
    - path: data/raw/customer_churn.csv
      hash: md5
      md5: 0f9de68e012bd3aed5fa7cdc9fc421af
      size: 977501
    - path: params.yaml
      hash: md5
      md5: d46644e73771dd7c464efdc3666db832
      size: 189
    - path: training/src/preprocessing.py
      hash: md5
      md5: f45eecbc655f26a0620fc93e541f71bf
      size: 3471
    outs:
    - path: data/processed/data.pkl
      hash: md5
      md5: 01996f2bf2feeb2bcce3d478173094fb
      size: 2762180
    - path: models/preprocessor.pkl
      hash: md5
      md5: 076d2db77852ed16b9860f4914e37c74
      size: 7876
  train:
    cmd: python -m training.src.train
    deps:
    - path: data/processed/data.pkl
      hash: md5
      md5: 01996f2bf2feeb2bcce3d478173094fb
      size: 2762180
    - path: params.yaml
      hash: md5
      md5: d46644e73771dd7c464efdc3666db832
      size: 189
    - path: training/src/train.py
      hash: md5
      md5: c9e7edd9a22b227296aaa1963b304982
      size: 2239
    outs:
    - path: models/model.pkl
      hash: md5
      md5: abff435fdb4362c6407d7e399b0f4e34
      size: 615992
